// !$*UTF8*$!
{
	archiveVersion = 1;
	classes = {
	};
	objectVersion = 50;
	objects = {

/* Begin PBXBuildFile section */
		5504B87624ED97E90026C508 /* RoundView.swift in Sources */ = {isa = PBXBuildFile; fileRef = 5504B87524ED97E90026C508 /* RoundView.swift */; };
		551CDE7D2507A21900C05718 /* PaintCodeExtension.swift in Sources */ = {isa = PBXBuildFile; fileRef = 551CDE7C2507A21900C05718 /* PaintCodeExtension.swift */; };
		5544F42A24F2CA12008570A1 /* PostFullSizeCollectionViewController.swift in Sources */ = {isa = PBXBuildFile; fileRef = 5544F42924F2CA12008570A1 /* PostFullSizeCollectionViewController.swift */; };
		5544F42C24F2CAB1008570A1 /* PostFullSizeCollectionViewCell.swift in Sources */ = {isa = PBXBuildFile; fileRef = 5544F42B24F2CAB1008570A1 /* PostFullSizeCollectionViewCell.swift */; };
		5564F9AB24F45AE800219C33 /* FriendFactory.swift in Sources */ = {isa = PBXBuildFile; fileRef = 5564F9AA24F45AE800219C33 /* FriendFactory.swift */; };
		557822EA24E467FA00D4705B /* Post.swift in Sources */ = {isa = PBXBuildFile; fileRef = 557822E924E467FA00D4705B /* Post.swift */; };
		5590B70124FAA71700637025 /* NewsFeedViewController.swift in Sources */ = {isa = PBXBuildFile; fileRef = 5590B70024FAA71600637025 /* NewsFeedViewController.swift */; };
		5590B70424FAAF7B00637025 /* NewsFeedCollectionViewCell.swift in Sources */ = {isa = PBXBuildFile; fileRef = 5590B70224FAAF7B00637025 /* NewsFeedCollectionViewCell.swift */; };
		5590B70524FAAF7B00637025 /* NewsFeedCollectionViewCell.xib in Resources */ = {isa = PBXBuildFile; fileRef = 5590B70324FAAF7B00637025 /* NewsFeedCollectionViewCell.xib */; };
		5590D38D24DC52690035E075 /* GroupsTableViewCell.swift in Sources */ = {isa = PBXBuildFile; fileRef = 5590D38C24DC52690035E075 /* GroupsTableViewCell.swift */; };
		5590D38F24DC52A20035E075 /* GroupsTableViewController.swift in Sources */ = {isa = PBXBuildFile; fileRef = 5590D38E24DC52A20035E075 /* GroupsTableViewController.swift */; };
		5590D39224DC60520035E075 /* UserGroupsTableViewController.swift in Sources */ = {isa = PBXBuildFile; fileRef = 5590D39124DC60520035E075 /* UserGroupsTableViewController.swift */; };
		5590D39424DC615D0035E075 /* UserGroupsTableViewCell.swift in Sources */ = {isa = PBXBuildFile; fileRef = 5590D39324DC615D0035E075 /* UserGroupsTableViewCell.swift */; };
		5590D39C24DC7C410035E075 /* FriendPhotosCollectionViewCell.swift in Sources */ = {isa = PBXBuildFile; fileRef = 5590D39B24DC7C410035E075 /* FriendPhotosCollectionViewCell.swift */; };
		5590D39E24DC7C6C0035E075 /* FriendPhotosCollectionViewController.swift in Sources */ = {isa = PBXBuildFile; fileRef = 5590D39D24DC7C6C0035E075 /* FriendPhotosCollectionViewController.swift */; };
		5596D89724FBCEB100FD0914 /* PhotoCollageView.xib in Resources */ = {isa = PBXBuildFile; fileRef = 5596D89624FBCEB100FD0914 /* PhotoCollageView.xib */; };
		5596D89924FBCF2700FD0914 /* PhotoCollageView.swift in Sources */ = {isa = PBXBuildFile; fileRef = 5596D89824FBCF2700FD0914 /* PhotoCollageView.swift */; };
		5596D89C24FBD3AF00FD0914 /* PhotoCollageCollectionViewCell.swift in Sources */ = {isa = PBXBuildFile; fileRef = 5596D89A24FBD3AF00FD0914 /* PhotoCollageCollectionViewCell.swift */; };
		5596D89D24FBD3AF00FD0914 /* PhotoCollageCollectionViewCell.xib in Resources */ = {isa = PBXBuildFile; fileRef = 5596D89B24FBD3AF00FD0914 /* PhotoCollageCollectionViewCell.xib */; };
		55A11B1124FD349900CDDAB8 /* PhotosCollageLayout.swift in Sources */ = {isa = PBXBuildFile; fileRef = 55A11B1024FD349900CDDAB8 /* PhotosCollageLayout.swift */; };
		55B8647624DB244000FCA137 /* UserFriendsTableViewController.swift in Sources */ = {isa = PBXBuildFile; fileRef = 55B8647524DB244000FCA137 /* UserFriendsTableViewController.swift */; };
		55B8647824DB278000FCA137 /* UserFriendsTableViewCell.swift in Sources */ = {isa = PBXBuildFile; fileRef = 55B8647724DB278000FCA137 /* UserFriendsTableViewCell.swift */; };
		55BA0CD124E4013000FDD3F5 /* datasource.bundle in Resources */ = {isa = PBXBuildFile; fileRef = 55BA0CD024E4013000FDD3F5 /* datasource.bundle */; };
		55C5465C24D2CC5A002D3FFC /* AppDelegate.swift in Sources */ = {isa = PBXBuildFile; fileRef = 55C5465B24D2CC59002D3FFC /* AppDelegate.swift */; };
		55C5465E24D2CC5A002D3FFC /* SceneDelegate.swift in Sources */ = {isa = PBXBuildFile; fileRef = 55C5465D24D2CC5A002D3FFC /* SceneDelegate.swift */; };
		55C5466324D2CC5A002D3FFC /* Main.storyboard in Resources */ = {isa = PBXBuildFile; fileRef = 55C5466124D2CC5A002D3FFC /* Main.storyboard */; };
		55C5466524D2CC5D002D3FFC /* Assets.xcassets in Resources */ = {isa = PBXBuildFile; fileRef = 55C5466424D2CC5D002D3FFC /* Assets.xcassets */; };
		55C5466824D2CC5D002D3FFC /* LaunchScreen.storyboard in Resources */ = {isa = PBXBuildFile; fileRef = 55C5466624D2CC5D002D3FFC /* LaunchScreen.storyboard */; };
		55C5467424D2D942002D3FFC /* LoginFormController.swift in Sources */ = {isa = PBXBuildFile; fileRef = 55C5467324D2D942002D3FFC /* LoginFormController.swift */; };
		55CC6C1E24FFD0E100698D97 /* SearchFooter.swift in Sources */ = {isa = PBXBuildFile; fileRef = 55CC6C1D24FFD0E100698D97 /* SearchFooter.swift */; };
		55E0B03D24DD3EDF00B3AB07 /* Friend.swift in Sources */ = {isa = PBXBuildFile; fileRef = 55E0B03C24DD3EDF00B3AB07 /* Friend.swift */; };
		55F3D2B02505396D00F4E5FF /* ImageScrollViewController.swift in Sources */ = {isa = PBXBuildFile; fileRef = 55F3D2AF2505396D00F4E5FF /* ImageScrollViewController.swift */; };
		55F69C682501E8F1008C1F63 /* LoadScreenView.xib in Resources */ = {isa = PBXBuildFile; fileRef = 55F69C672501E8F1008C1F63 /* LoadScreenView.xib */; };
		55F69C6A2501E95B008C1F63 /* LoadScreenView.swift in Sources */ = {isa = PBXBuildFile; fileRef = 55F69C692501E95B008C1F63 /* LoadScreenView.swift */; };
		55FE7EF124FAEF4600436F43 /* ProfileView.xib in Resources */ = {isa = PBXBuildFile; fileRef = 55FE7EF024FAEF4600436F43 /* ProfileView.xib */; };
		55FE7EF324FAEFD100436F43 /* ProfileView.swift in Sources */ = {isa = PBXBuildFile; fileRef = 55FE7EF224FAEFD100436F43 /* ProfileView.swift */; };
		55FF075D24FE517800D15D20 /* LikeBarView.xib in Resources */ = {isa = PBXBuildFile; fileRef = 55FF075C24FE517800D15D20 /* LikeBarView.xib */; };
		55FF075F24FE51A200D15D20 /* LikeBarView.swift in Sources */ = {isa = PBXBuildFile; fileRef = 55FF075E24FE51A200D15D20 /* LikeBarView.swift */; };
		55FFF46224E9D9B700AB1A9B /* LikeButton.swift in Sources */ = {isa = PBXBuildFile; fileRef = 55FFF46124E9D9B700AB1A9B /* LikeButton.swift */; };
/* End PBXBuildFile section */

/* Begin PBXFileReference section */
		5504B87524ED97E90026C508 /* RoundView.swift */ = {isa = PBXFileReference; lastKnownFileType = sourcecode.swift; path = RoundView.swift; sourceTree = "<group>"; };
		551CDE7C2507A21900C05718 /* PaintCodeExtension.swift */ = {isa = PBXFileReference; lastKnownFileType = sourcecode.swift; path = PaintCodeExtension.swift; sourceTree = "<group>"; };
		5544F42924F2CA12008570A1 /* PostFullSizeCollectionViewController.swift */ = {isa = PBXFileReference; lastKnownFileType = sourcecode.swift; path = PostFullSizeCollectionViewController.swift; sourceTree = "<group>"; };
		5544F42B24F2CAB1008570A1 /* PostFullSizeCollectionViewCell.swift */ = {isa = PBXFileReference; lastKnownFileType = sourcecode.swift; path = PostFullSizeCollectionViewCell.swift; sourceTree = "<group>"; };
		5564F9AA24F45AE800219C33 /* FriendFactory.swift */ = {isa = PBXFileReference; lastKnownFileType = sourcecode.swift; path = FriendFactory.swift; sourceTree = "<group>"; };
		557822E924E467FA00D4705B /* Post.swift */ = {isa = PBXFileReference; lastKnownFileType = sourcecode.swift; path = Post.swift; sourceTree = "<group>"; };
		5590B70024FAA71600637025 /* NewsFeedViewController.swift */ = {isa = PBXFileReference; lastKnownFileType = sourcecode.swift; path = NewsFeedViewController.swift; sourceTree = "<group>"; };
		5590B70224FAAF7B00637025 /* NewsFeedCollectionViewCell.swift */ = {isa = PBXFileReference; lastKnownFileType = sourcecode.swift; path = NewsFeedCollectionViewCell.swift; sourceTree = "<group>"; };
		5590B70324FAAF7B00637025 /* NewsFeedCollectionViewCell.xib */ = {isa = PBXFileReference; lastKnownFileType = file.xib; path = NewsFeedCollectionViewCell.xib; sourceTree = "<group>"; };
		5590D38C24DC52690035E075 /* GroupsTableViewCell.swift */ = {isa = PBXFileReference; lastKnownFileType = sourcecode.swift; path = GroupsTableViewCell.swift; sourceTree = "<group>"; };
		5590D38E24DC52A20035E075 /* GroupsTableViewController.swift */ = {isa = PBXFileReference; lastKnownFileType = sourcecode.swift; path = GroupsTableViewController.swift; sourceTree = "<group>"; };
		5590D39124DC60520035E075 /* UserGroupsTableViewController.swift */ = {isa = PBXFileReference; lastKnownFileType = sourcecode.swift; path = UserGroupsTableViewController.swift; sourceTree = "<group>"; };
		5590D39324DC615D0035E075 /* UserGroupsTableViewCell.swift */ = {isa = PBXFileReference; lastKnownFileType = sourcecode.swift; path = UserGroupsTableViewCell.swift; sourceTree = "<group>"; };
		5590D39B24DC7C410035E075 /* FriendPhotosCollectionViewCell.swift */ = {isa = PBXFileReference; lastKnownFileType = sourcecode.swift; path = FriendPhotosCollectionViewCell.swift; sourceTree = "<group>"; };
		5590D39D24DC7C6C0035E075 /* FriendPhotosCollectionViewController.swift */ = {isa = PBXFileReference; lastKnownFileType = sourcecode.swift; path = FriendPhotosCollectionViewController.swift; sourceTree = "<group>"; };
		5596D89624FBCEB100FD0914 /* PhotoCollageView.xib */ = {isa = PBXFileReference; lastKnownFileType = file.xib; path = PhotoCollageView.xib; sourceTree = "<group>"; };
		5596D89824FBCF2700FD0914 /* PhotoCollageView.swift */ = {isa = PBXFileReference; lastKnownFileType = sourcecode.swift; path = PhotoCollageView.swift; sourceTree = "<group>"; };
		5596D89A24FBD3AF00FD0914 /* PhotoCollageCollectionViewCell.swift */ = {isa = PBXFileReference; lastKnownFileType = sourcecode.swift; path = PhotoCollageCollectionViewCell.swift; sourceTree = "<group>"; };
		5596D89B24FBD3AF00FD0914 /* PhotoCollageCollectionViewCell.xib */ = {isa = PBXFileReference; lastKnownFileType = file.xib; path = PhotoCollageCollectionViewCell.xib; sourceTree = "<group>"; };
		55A11B1024FD349900CDDAB8 /* PhotosCollageLayout.swift */ = {isa = PBXFileReference; lastKnownFileType = sourcecode.swift; path = PhotosCollageLayout.swift; sourceTree = "<group>"; };
		55B8647524DB244000FCA137 /* UserFriendsTableViewController.swift */ = {isa = PBXFileReference; lastKnownFileType = sourcecode.swift; path = UserFriendsTableViewController.swift; sourceTree = "<group>"; };
		55B8647724DB278000FCA137 /* UserFriendsTableViewCell.swift */ = {isa = PBXFileReference; lastKnownFileType = sourcecode.swift; path = UserFriendsTableViewCell.swift; sourceTree = "<group>"; };
		55BA0CD024E4013000FDD3F5 /* datasource.bundle */ = {isa = PBXFileReference; lastKnownFileType = "wrapper.plug-in"; path = datasource.bundle; sourceTree = "<group>"; };
		55C5465824D2CC59002D3FFC /* LoginForm.app */ = {isa = PBXFileReference; explicitFileType = wrapper.application; includeInIndex = 0; path = LoginForm.app; sourceTree = BUILT_PRODUCTS_DIR; };
		55C5465B24D2CC59002D3FFC /* AppDelegate.swift */ = {isa = PBXFileReference; lastKnownFileType = sourcecode.swift; path = AppDelegate.swift; sourceTree = "<group>"; };
		55C5465D24D2CC5A002D3FFC /* SceneDelegate.swift */ = {isa = PBXFileReference; lastKnownFileType = sourcecode.swift; path = SceneDelegate.swift; sourceTree = "<group>"; };
		55C5466224D2CC5A002D3FFC /* Base */ = {isa = PBXFileReference; lastKnownFileType = file.storyboard; name = Base; path = Base.lproj/Main.storyboard; sourceTree = "<group>"; };
		55C5466424D2CC5D002D3FFC /* Assets.xcassets */ = {isa = PBXFileReference; lastKnownFileType = folder.assetcatalog; path = Assets.xcassets; sourceTree = "<group>"; };
		55C5466724D2CC5D002D3FFC /* Base */ = {isa = PBXFileReference; lastKnownFileType = file.storyboard; name = Base; path = Base.lproj/LaunchScreen.storyboard; sourceTree = "<group>"; };
		55C5466924D2CC5D002D3FFC /* Info.plist */ = {isa = PBXFileReference; lastKnownFileType = text.plist.xml; path = Info.plist; sourceTree = "<group>"; };
		55C5467324D2D942002D3FFC /* LoginFormController.swift */ = {isa = PBXFileReference; lastKnownFileType = sourcecode.swift; path = LoginFormController.swift; sourceTree = "<group>"; };
		55CC6C1D24FFD0E100698D97 /* SearchFooter.swift */ = {isa = PBXFileReference; lastKnownFileType = sourcecode.swift; path = SearchFooter.swift; sourceTree = "<group>"; };
		55E0B03C24DD3EDF00B3AB07 /* Friend.swift */ = {isa = PBXFileReference; lastKnownFileType = sourcecode.swift; name = Friend.swift; path = LoginForm/Friend.swift; sourceTree = SOURCE_ROOT; };
		55F3D2AF2505396D00F4E5FF /* ImageScrollViewController.swift */ = {isa = PBXFileReference; lastKnownFileType = sourcecode.swift; path = ImageScrollViewController.swift; sourceTree = "<group>"; };
		55F69C672501E8F1008C1F63 /* LoadScreenView.xib */ = {isa = PBXFileReference; lastKnownFileType = file.xib; path = LoadScreenView.xib; sourceTree = "<group>"; };
		55F69C692501E95B008C1F63 /* LoadScreenView.swift */ = {isa = PBXFileReference; lastKnownFileType = sourcecode.swift; path = LoadScreenView.swift; sourceTree = "<group>"; };
		55FE7EF024FAEF4600436F43 /* ProfileView.xib */ = {isa = PBXFileReference; lastKnownFileType = file.xib; path = ProfileView.xib; sourceTree = "<group>"; };
		55FE7EF224FAEFD100436F43 /* ProfileView.swift */ = {isa = PBXFileReference; lastKnownFileType = sourcecode.swift; path = ProfileView.swift; sourceTree = "<group>"; };
		55FF075C24FE517800D15D20 /* LikeBarView.xib */ = {isa = PBXFileReference; lastKnownFileType = file.xib; path = LikeBarView.xib; sourceTree = "<group>"; };
		55FF075E24FE51A200D15D20 /* LikeBarView.swift */ = {isa = PBXFileReference; lastKnownFileType = sourcecode.swift; path = LikeBarView.swift; sourceTree = "<group>"; };
		55FFF46124E9D9B700AB1A9B /* LikeButton.swift */ = {isa = PBXFileReference; lastKnownFileType = sourcecode.swift; path = LikeButton.swift; sourceTree = "<group>"; };
/* End PBXFileReference section */

/* Begin PBXFrameworksBuildPhase section */
		55C5465524D2CC59002D3FFC /* Frameworks */ = {
			isa = PBXFrameworksBuildPhase;
			buildActionMask = 2147483647;
			files = (
			);
			runOnlyForDeploymentPostprocessing = 0;
		};
/* End PBXFrameworksBuildPhase section */

/* Begin PBXGroup section */
		5590D38B24DC50F40035E075 /* UserFriends */ = {
			isa = PBXGroup;
			children = (
				55B8647524DB244000FCA137 /* UserFriendsTableViewController.swift */,
				55B8647724DB278000FCA137 /* UserFriendsTableViewCell.swift */,
				5504B87524ED97E90026C508 /* RoundView.swift */,
				55CC6C1D24FFD0E100698D97 /* SearchFooter.swift */,
			);
			path = UserFriends;
			sourceTree = "<group>";
		};
		5590D39024DC5FD10035E075 /* Groups */ = {
			isa = PBXGroup;
			children = (
				5590D38C24DC52690035E075 /* GroupsTableViewCell.swift */,
				5590D38E24DC52A20035E075 /* GroupsTableViewController.swift */,
			);
			path = Groups;
			sourceTree = "<group>";
		};
		5590D39524DC6FDB0035E075 /* UserGroups */ = {
			isa = PBXGroup;
			children = (
				5590D39124DC60520035E075 /* UserGroupsTableViewController.swift */,
				5590D39324DC615D0035E075 /* UserGroupsTableViewCell.swift */,
			);
			path = UserGroups;
			sourceTree = "<group>";
		};
		5590D39A24DC7BF90035E075 /* FriendPhotos */ = {
			isa = PBXGroup;
			children = (
				5590D39D24DC7C6C0035E075 /* FriendPhotosCollectionViewController.swift */,
				5590D39B24DC7C410035E075 /* FriendPhotosCollectionViewCell.swift */,
				55FFF46124E9D9B700AB1A9B /* LikeButton.swift */,
			);
			path = FriendPhotos;
			sourceTree = "<group>";
		};
		55C5464F24D2CC59002D3FFC = {
			isa = PBXGroup;
			children = (
				55C5465A24D2CC59002D3FFC /* LoginForm */,
				55C5465924D2CC59002D3FFC /* Products */,
			);
			sourceTree = "<group>";
		};
		55C5465924D2CC59002D3FFC /* Products */ = {
			isa = PBXGroup;
			children = (
				55C5465824D2CC59002D3FFC /* LoginForm.app */,
			);
			name = Products;
			sourceTree = "<group>";
		};
		55C5465A24D2CC59002D3FFC /* LoginForm */ = {
			isa = PBXGroup;
			children = (
				55C5467324D2D942002D3FFC /* LoginFormController.swift */,
				5590D39024DC5FD10035E075 /* Groups */,
				5590D39524DC6FDB0035E075 /* UserGroups */,
				5590D38B24DC50F40035E075 /* UserFriends */,
				5590D39A24DC7BF90035E075 /* FriendPhotos */,
				55C664DF24F3E9F300A48D42 /* PostFullSize */,
				55EC5D2D24FE71F000E09FB8 /* NewsFeedViews */,
				55EC5D2E24FE725400E09FB8 /* NewsFeedViewController */,
				55C5465D24D2CC5A002D3FFC /* SceneDelegate.swift */,
				55BA0CD024E4013000FDD3F5 /* datasource.bundle */,
				55E0B03C24DD3EDF00B3AB07 /* Friend.swift */,
				557822E924E467FA00D4705B /* Post.swift */,
				55F69C672501E8F1008C1F63 /* LoadScreenView.xib */,
				55F69C692501E95B008C1F63 /* LoadScreenView.swift */,
				551CDE7C2507A21900C05718 /* PaintCodeExtension.swift */,
				55C5465B24D2CC59002D3FFC /* AppDelegate.swift */,
				55C5466124D2CC5A002D3FFC /* Main.storyboard */,
				55F3D2AF2505396D00F4E5FF /* ImageScrollViewController.swift */,
				5564F9AA24F45AE800219C33 /* FriendFactory.swift */,
				55C5466424D2CC5D002D3FFC /* Assets.xcassets */,
				55C5466624D2CC5D002D3FFC /* LaunchScreen.storyboard */,
				55C5466924D2CC5D002D3FFC /* Info.plist */,
			);
			path = LoginForm;
			sourceTree = "<group>";
		};
		55C664DF24F3E9F300A48D42 /* PostFullSize */ = {
			isa = PBXGroup;
			children = (
				5544F42924F2CA12008570A1 /* PostFullSizeCollectionViewController.swift */,
				5544F42B24F2CAB1008570A1 /* PostFullSizeCollectionViewCell.swift */,
			);
			path = PostFullSize;
			sourceTree = "<group>";
		};
		55EC5D2D24FE71F000E09FB8 /* NewsFeedViews */ = {
			isa = PBXGroup;
			children = (
				5590B70224FAAF7B00637025 /* NewsFeedCollectionViewCell.swift */,
				5590B70324FAAF7B00637025 /* NewsFeedCollectionViewCell.xib */,
				55FE7EF224FAEFD100436F43 /* ProfileView.swift */,
				55FE7EF024FAEF4600436F43 /* ProfileView.xib */,
				5596D89824FBCF2700FD0914 /* PhotoCollageView.swift */,
				5596D89624FBCEB100FD0914 /* PhotoCollageView.xib */,
				55A11B1024FD349900CDDAB8 /* PhotosCollageLayout.swift */,
				5596D89A24FBD3AF00FD0914 /* PhotoCollageCollectionViewCell.swift */,
				5596D89B24FBD3AF00FD0914 /* PhotoCollageCollectionViewCell.xib */,
				55FF075E24FE51A200D15D20 /* LikeBarView.swift */,
				55FF075C24FE517800D15D20 /* LikeBarView.xib */,
			);
			path = NewsFeedViews;
			sourceTree = "<group>";
		};
		55EC5D2E24FE725400E09FB8 /* NewsFeedViewController */ = {
			isa = PBXGroup;
			children = (
				5590B70024FAA71600637025 /* NewsFeedViewController.swift */,
			);
			path = NewsFeedViewController;
			sourceTree = "<group>";
		};
/* End PBXGroup section */

/* Begin PBXNativeTarget section */
		55C5465724D2CC59002D3FFC /* LoginForm */ = {
			isa = PBXNativeTarget;
			buildConfigurationList = 55C5466C24D2CC5D002D3FFC /* Build configuration list for PBXNativeTarget "LoginForm" */;
			buildPhases = (
				55C5465424D2CC59002D3FFC /* Sources */,
				55C5465524D2CC59002D3FFC /* Frameworks */,
				55C5465624D2CC59002D3FFC /* Resources */,
			);
			buildRules = (
			);
			dependencies = (
			);
			name = LoginForm;
			productName = LoginForm;
			productReference = 55C5465824D2CC59002D3FFC /* LoginForm.app */;
			productType = "com.apple.product-type.application";
		};
/* End PBXNativeTarget section */

/* Begin PBXProject section */
		55C5465024D2CC59002D3FFC /* Project object */ = {
			isa = PBXProject;
			attributes = {
				LastSwiftUpdateCheck = 1130;
				LastUpgradeCheck = 1130;
				ORGANIZATIONNAME = Andrey;
				TargetAttributes = {
					55C5465724D2CC59002D3FFC = {
						CreatedOnToolsVersion = 11.3.1;
					};
				};
			};
			buildConfigurationList = 55C5465324D2CC59002D3FFC /* Build configuration list for PBXProject "LoginForm" */;
			compatibilityVersion = "Xcode 9.3";
			developmentRegion = en;
			hasScannedForEncodings = 0;
			knownRegions = (
				en,
				Base,
			);
			mainGroup = 55C5464F24D2CC59002D3FFC;
			productRefGroup = 55C5465924D2CC59002D3FFC /* Products */;
			projectDirPath = "";
			projectRoot = "";
			targets = (
				55C5465724D2CC59002D3FFC /* LoginForm */,
			);
		};
/* End PBXProject section */

/* Begin PBXResourcesBuildPhase section */
		55C5465624D2CC59002D3FFC /* Resources */ = {
			isa = PBXResourcesBuildPhase;
			buildActionMask = 2147483647;
			files = (
				55FE7EF124FAEF4600436F43 /* ProfileView.xib in Resources */,
				55BA0CD124E4013000FDD3F5 /* datasource.bundle in Resources */,
				55F69C682501E8F1008C1F63 /* LoadScreenView.xib in Resources */,
				55C5466824D2CC5D002D3FFC /* LaunchScreen.storyboard in Resources */,
				5590B70524FAAF7B00637025 /* NewsFeedCollectionViewCell.xib in Resources */,
				55FF075D24FE517800D15D20 /* LikeBarView.xib in Resources */,
				55C5466524D2CC5D002D3FFC /* Assets.xcassets in Resources */,
				55C5466324D2CC5A002D3FFC /* Main.storyboard in Resources */,
				5596D89724FBCEB100FD0914 /* PhotoCollageView.xib in Resources */,
				5596D89D24FBD3AF00FD0914 /* PhotoCollageCollectionViewCell.xib in Resources */,
			);
			runOnlyForDeploymentPostprocessing = 0;
		};
/* End PBXResourcesBuildPhase section */

/* Begin PBXSourcesBuildPhase section */
		55C5465424D2CC59002D3FFC /* Sources */ = {
			isa = PBXSourcesBuildPhase;
			buildActionMask = 2147483647;
			files = (
				55B8647824DB278000FCA137 /* UserFriendsTableViewCell.swift in Sources */,
				5590D38D24DC52690035E075 /* GroupsTableViewCell.swift in Sources */,
				55C5467424D2D942002D3FFC /* LoginFormController.swift in Sources */,
				5590B70124FAA71700637025 /* NewsFeedViewController.swift in Sources */,
				55E0B03D24DD3EDF00B3AB07 /* Friend.swift in Sources */,
				5596D89C24FBD3AF00FD0914 /* PhotoCollageCollectionViewCell.swift in Sources */,
				55A11B1124FD349900CDDAB8 /* PhotosCollageLayout.swift in Sources */,
				55FE7EF324FAEFD100436F43 /* ProfileView.swift in Sources */,
				551CDE7D2507A21900C05718 /* PaintCodeExtension.swift in Sources */,
				5544F42A24F2CA12008570A1 /* PostFullSizeCollectionViewController.swift in Sources */,
				5504B87624ED97E90026C508 /* RoundView.swift in Sources */,
				557822EA24E467FA00D4705B /* Post.swift in Sources */,
				55C5465C24D2CC5A002D3FFC /* AppDelegate.swift in Sources */,
				55FFF46224E9D9B700AB1A9B /* LikeButton.swift in Sources */,
				55FF075F24FE51A200D15D20 /* LikeBarView.swift in Sources */,
				5590B70424FAAF7B00637025 /* NewsFeedCollectionViewCell.swift in Sources */,
				5544F42C24F2CAB1008570A1 /* PostFullSizeCollectionViewCell.swift in Sources */,
				55CC6C1E24FFD0E100698D97 /* SearchFooter.swift in Sources */,
				5596D89924FBCF2700FD0914 /* PhotoCollageView.swift in Sources */,
				5590D39224DC60520035E075 /* UserGroupsTableViewController.swift in Sources */,
				55F3D2B02505396D00F4E5FF /* ImageScrollViewController.swift in Sources */,
				5590D39E24DC7C6C0035E075 /* FriendPhotosCollectionViewController.swift in Sources */,
				5590D39424DC615D0035E075 /* UserGroupsTableViewCell.swift in Sources */,
				5590D38F24DC52A20035E075 /* GroupsTableViewController.swift in Sources */,
				5564F9AB24F45AE800219C33 /* FriendFactory.swift in Sources */,
				5590D39C24DC7C410035E075 /* FriendPhotosCollectionViewCell.swift in Sources */,
				55B8647624DB244000FCA137 /* UserFriendsTableViewController.swift in Sources */,
				55F69C6A2501E95B008C1F63 /* LoadScreenView.swift in Sources */,
				55C5465E24D2CC5A002D3FFC /* SceneDelegate.swift in Sources */,
			);
			runOnlyForDeploymentPostprocessing = 0;
		};
/* End PBXSourcesBuildPhase section */

/* Begin PBXVariantGroup section */
		55C5466124D2CC5A002D3FFC /* Main.storyboard */ = {
			isa = PBXVariantGroup;
			children = (
				55C5466224D2CC5A002D3FFC /* Base */,
			);
			name = Main.storyboard;
			sourceTree = "<group>";
		};
		55C5466624D2CC5D002D3FFC /* LaunchScreen.storyboard */ = {
			isa = PBXVariantGroup;
			children = (
				55C5466724D2CC5D002D3FFC /* Base */,
			);
			name = LaunchScreen.storyboard;
			sourceTree = "<group>";
		};
/* End PBXVariantGroup section */

/* Begin XCBuildConfiguration section */
		55C5466A24D2CC5D002D3FFC /* Debug */ = {
			isa = XCBuildConfiguration;
			buildSettings = {
				ALWAYS_SEARCH_USER_PATHS = NO;
				CLANG_ANALYZER_NONNULL = YES;
				CLANG_ANALYZER_NUMBER_OBJECT_CONVERSION = YES_AGGRESSIVE;
				CLANG_CXX_LANGUAGE_STANDARD = "gnu++14";
				CLANG_CXX_LIBRARY = "libc++";
				CLANG_ENABLE_MODULES = YES;
				CLANG_ENABLE_OBJC_ARC = YES;
				CLANG_ENABLE_OBJC_WEAK = YES;
				CLANG_WARN_BLOCK_CAPTURE_AUTORELEASING = YES;
				CLANG_WARN_BOOL_CONVERSION = YES;
				CLANG_WARN_COMMA = YES;
				CLANG_WARN_CONSTANT_CONVERSION = YES;
				CLANG_WARN_DEPRECATED_OBJC_IMPLEMENTATIONS = YES;
				CLANG_WARN_DIRECT_OBJC_ISA_USAGE = YES_ERROR;
				CLANG_WARN_DOCUMENTATION_COMMENTS = YES;
				CLANG_WARN_EMPTY_BODY = YES;
				CLANG_WARN_ENUM_CONVERSION = YES;
				CLANG_WARN_INFINITE_RECURSION = YES;
				CLANG_WARN_INT_CONVERSION = YES;
				CLANG_WARN_NON_LITERAL_NULL_CONVERSION = YES;
				CLANG_WARN_OBJC_IMPLICIT_RETAIN_SELF = YES;
				CLANG_WARN_OBJC_LITERAL_CONVERSION = YES;
				CLANG_WARN_OBJC_ROOT_CLASS = YES_ERROR;
				CLANG_WARN_RANGE_LOOP_ANALYSIS = YES;
				CLANG_WARN_STRICT_PROTOTYPES = YES;
				CLANG_WARN_SUSPICIOUS_MOVE = YES;
				CLANG_WARN_UNGUARDED_AVAILABILITY = YES_AGGRESSIVE;
				CLANG_WARN_UNREACHABLE_CODE = YES;
				CLANG_WARN__DUPLICATE_METHOD_MATCH = YES;
				COPY_PHASE_STRIP = NO;
				DEBUG_INFORMATION_FORMAT = dwarf;
				ENABLE_STRICT_OBJC_MSGSEND = YES;
				ENABLE_TESTABILITY = YES;
				GCC_C_LANGUAGE_STANDARD = gnu11;
				GCC_DYNAMIC_NO_PIC = NO;
				GCC_NO_COMMON_BLOCKS = YES;
				GCC_OPTIMIZATION_LEVEL = 0;
				GCC_PREPROCESSOR_DEFINITIONS = (
					"DEBUG=1",
					"$(inherited)",
				);
				GCC_WARN_64_TO_32_BIT_CONVERSION = YES;
				GCC_WARN_ABOUT_RETURN_TYPE = YES_ERROR;
				GCC_WARN_UNDECLARED_SELECTOR = YES;
				GCC_WARN_UNINITIALIZED_AUTOS = YES_AGGRESSIVE;
				GCC_WARN_UNUSED_FUNCTION = YES;
				GCC_WARN_UNUSED_VARIABLE = YES;
				IPHONEOS_DEPLOYMENT_TARGET = 13.2;
				MTL_ENABLE_DEBUG_INFO = INCLUDE_SOURCE;
				MTL_FAST_MATH = YES;
				ONLY_ACTIVE_ARCH = YES;
				SDKROOT = iphoneos;
				SWIFT_ACTIVE_COMPILATION_CONDITIONS = DEBUG;
				SWIFT_OPTIMIZATION_LEVEL = "-Onone";
			};
			name = Debug;
		};
		55C5466B24D2CC5D002D3FFC /* Release */ = {
			isa = XCBuildConfiguration;
			buildSettings = {
				ALWAYS_SEARCH_USER_PATHS = NO;
				CLANG_ANALYZER_NONNULL = YES;
				CLANG_ANALYZER_NUMBER_OBJECT_CONVERSION = YES_AGGRESSIVE;
				CLANG_CXX_LANGUAGE_STANDARD = "gnu++14";
				CLANG_CXX_LIBRARY = "libc++";
				CLANG_ENABLE_MODULES = YES;
				CLANG_ENABLE_OBJC_ARC = YES;
				CLANG_ENABLE_OBJC_WEAK = YES;
				CLANG_WARN_BLOCK_CAPTURE_AUTORELEASING = YES;
				CLANG_WARN_BOOL_CONVERSION = YES;
				CLANG_WARN_COMMA = YES;
				CLANG_WARN_CONSTANT_CONVERSION = YES;
				CLANG_WARN_DEPRECATED_OBJC_IMPLEMENTATIONS = YES;
				CLANG_WARN_DIRECT_OBJC_ISA_USAGE = YES_ERROR;
				CLANG_WARN_DOCUMENTATION_COMMENTS = YES;
				CLANG_WARN_EMPTY_BODY = YES;
				CLANG_WARN_ENUM_CONVERSION = YES;
				CLANG_WARN_INFINITE_RECURSION = YES;
				CLANG_WARN_INT_CONVERSION = YES;
				CLANG_WARN_NON_LITERAL_NULL_CONVERSION = YES;
				CLANG_WARN_OBJC_IMPLICIT_RETAIN_SELF = YES;
				CLANG_WARN_OBJC_LITERAL_CONVERSION = YES;
				CLANG_WARN_OBJC_ROOT_CLASS = YES_ERROR;
				CLANG_WARN_RANGE_LOOP_ANALYSIS = YES;
				CLANG_WARN_STRICT_PROTOTYPES = YES;
				CLANG_WARN_SUSPICIOUS_MOVE = YES;
				CLANG_WARN_UNGUARDED_AVAILABILITY = YES_AGGRESSIVE;
				CLANG_WARN_UNREACHABLE_CODE = YES;
				CLANG_WARN__DUPLICATE_METHOD_MATCH = YES;
				COPY_PHASE_STRIP = NO;
				DEBUG_INFORMATION_FORMAT = "dwarf-with-dsym";
				ENABLE_NS_ASSERTIONS = NO;
				ENABLE_STRICT_OBJC_MSGSEND = YES;
				GCC_C_LANGUAGE_STANDARD = gnu11;
				GCC_NO_COMMON_BLOCKS = YES;
				GCC_WARN_64_TO_32_BIT_CONVERSION = YES;
				GCC_WARN_ABOUT_RETURN_TYPE = YES_ERROR;
				GCC_WARN_UNDECLARED_SELECTOR = YES;
				GCC_WARN_UNINITIALIZED_AUTOS = YES_AGGRESSIVE;
				GCC_WARN_UNUSED_FUNCTION = YES;
				GCC_WARN_UNUSED_VARIABLE = YES;
				IPHONEOS_DEPLOYMENT_TARGET = 13.2;
				MTL_ENABLE_DEBUG_INFO = NO;
				MTL_FAST_MATH = YES;
				SDKROOT = iphoneos;
				SWIFT_COMPILATION_MODE = wholemodule;
				SWIFT_OPTIMIZATION_LEVEL = "-O";
				VALIDATE_PRODUCT = YES;
			};
			name = Release;
		};
		55C5466D24D2CC5D002D3FFC /* Debug */ = {
			isa = XCBuildConfiguration;
			buildSettings = {
				ASSETCATALOG_COMPILER_APPICON_NAME = AppIcon;
				CODE_SIGN_STYLE = Automatic;
				DEVELOPMENT_TEAM = 95FJT898CQ;
				INFOPLIST_FILE = LoginForm/Info.plist;
				IPHONEOS_DEPLOYMENT_TARGET = 13.2;
				LD_RUNPATH_SEARCH_PATHS = (
					"$(inherited)",
					"@executable_path/Frameworks",
				);
				PRODUCT_BUNDLE_IDENTIFIER = "whitesaler-icloud.com.LoginForm";
				PRODUCT_NAME = "$(TARGET_NAME)";
				SWIFT_VERSION = 5.0;
				TARGETED_DEVICE_FAMILY = "1,2";
			};
			name = Debug;
		};
		55C5466E24D2CC5D002D3FFC /* Release */ = {
			isa = XCBuildConfiguration;
			buildSettings = {
				ASSETCATALOG_COMPILER_APPICON_NAME = AppIcon;
				CODE_SIGN_STYLE = Automatic;
				DEVELOPMENT_TEAM = 95FJT898CQ;
				INFOPLIST_FILE = LoginForm/Info.plist;
				IPHONEOS_DEPLOYMENT_TARGET = 13.2;
				LD_RUNPATH_SEARCH_PATHS = (
					"$(inherited)",
					"@executable_path/Frameworks",
				);
				PRODUCT_BUNDLE_IDENTIFIER = "whitesaler-icloud.com.LoginForm";
				PRODUCT_NAME = "$(TARGET_NAME)";
				SWIFT_VERSION = 5.0;
				TARGETED_DEVICE_FAMILY = "1,2";
			};
			name = Release;
		};
/* End XCBuildConfiguration section */

/* Begin XCConfigurationList section */
		55C5465324D2CC59002D3FFC /* Build configuration list for PBXProject "LoginForm" */ = {
			isa = XCConfigurationList;
			buildConfigurations = (
				55C5466A24D2CC5D002D3FFC /* Debug */,
				55C5466B24D2CC5D002D3FFC /* Release */,
			);
			defaultConfigurationIsVisible = 0;
			defaultConfigurationName = Release;
		};
		55C5466C24D2CC5D002D3FFC /* Build configuration list for PBXNativeTarget "LoginForm" */ = {
			isa = XCConfigurationList;
			buildConfigurations = (
				55C5466D24D2CC5D002D3FFC /* Debug */,
				55C5466E24D2CC5D002D3FFC /* Release */,
			);
			defaultConfigurationIsVisible = 0;
			defaultConfigurationName = Release;
		};
/* End XCConfigurationList section */
	};
	rootObject = 55C5465024D2CC59002D3FFC /* Project object */;
}
